{
  "name": "videodb",
  "version": "1.0.0",
  "lockfileVersion": 3,
  "requires": true,
  "packages": {
    "": {
      "name": "videodb",
      "version": "1.0.0",
      "license": "ISC",
      "devDependencies": {
        "@webgpu/types": "^0.1.53"
      }
    },
    "node_modules/@webgpu/types": {
      "version": "0.1.53",
      "resolved": "https://registry.npmjs.org/@webgpu/types/-/types-0.1.53.tgz",
      "integrity": "sha512-x+BLw/opaz9LiVyrMsP75nO1Rg0QfrACUYIbVSfGwY/w0DiWIPYYrpte6us//KZXinxFAOJl0+C17L1Vi2vmDw==",
      "dev": true
    }
  }
}
